<?xml version="1.0" encoding="utf-8"?>
<Project ToolsVersion="4.0" xmlns="http://schemas.microsoft.com/developer/msbuild/2003">
  <ItemGroup>
    <ClCompile Include="Source\SceneFactory.cpp" />
    <ClCompile Include="Library\App.cpp">
      <Filter>Library</Filter>
    </ClCompile>
    <ClCompile Include="Library\main.cpp">
      <Filter>Library</Filter>
    </ClCompile>
    <ClCompile Include="Source\BootScene.cpp">
      <Filter>BootScene</Filter>
    </ClCompile>
    <ClCompile Include="Source\TitleScene.cpp">
      <Filter>TitleScene</Filter>
    </ClCompile>
    <ClCompile Include="Source\PlayScene.cpp">
      <Filter>PlayScene</Filter>
    </ClCompile>
    <ClCompile Include="ImGui\imgui.cpp">
      <Filter>ImGui</Filter>
    </ClCompile>
    <ClCompile Include="ImGui\imgui_draw.cpp">
      <Filter>ImGui</Filter>
    </ClCompile>
    <ClCompile Include="ImGui\imgui_impl_dx9.cpp">
      <Filter>ImGui</Filter>
    </ClCompile>
    <ClCompile Include="ImGui\imgui_impl_dx11.cpp">
      <Filter>ImGui</Filter>
    </ClCompile>
    <ClCompile Include="ImGui\imgui_impl_win32.cpp">
      <Filter>ImGui</Filter>
    </ClCompile>
    <ClCompile Include="ImGui\imgui_ja_gryph_ranges.cpp">
      <Filter>ImGui</Filter>
    </ClCompile>
    <ClCompile Include="ImGui\imgui_tables.cpp">
      <Filter>ImGui</Filter>
    </ClCompile>
    <ClCompile Include="ImGui\imgui_widgets.cpp">
      <Filter>ImGui</Filter>
    </ClCompile>
    <ClCompile Include="Library\ObjectManager.cpp">
      <Filter>Library</Filter>
    </ClCompile>
    <ClCompile Include="Library\SceneManager.cpp">
      <Filter>Library</Filter>
    </ClCompile>
    <ClCompile Include="Library\Time.cpp">
      <Filter>Library</Filter>
    </ClCompile>
    <ClCompile Include="Source\GameManager.cpp">
      <Filter>PlayScene</Filter>
    </ClCompile>
    <ClCompile Include="Source\LaneManager.cpp">
      <Filter>PlayScene\Lane</Filter>
    </ClCompile>
    <ClCompile Include="Source\Character.cpp">
      <Filter>PlayScene\Character</Filter>
    </ClCompile>
    <ClCompile Include="Source\Notes.cpp">
      <Filter>PlayScene\Notes</Filter>
    </ClCompile>
    <ClCompile Include="Source\NotesManager.cpp">
      <Filter>PlayScene\Notes</Filter>
    </ClCompile>
    <ClCompile Include="Source\JudgedText.cpp">
      <Filter>PlayScene\Notes</Filter>
    </ClCompile>
    <ClCompile Include="Source\InputManager.cpp">
      <Filter>InputManager</Filter>
    </ClCompile>
    <ClCompile Include="Source\SoundManager.cpp">
      <Filter>SoundManager</Filter>
    </ClCompile>
    <ClCompile Include="Source\Object3D.cpp">
      <Filter>Object3D</Filter>
    </ClCompile>
    <ClCompile Include="Library\resourceLoader.cpp">
      <Filter>Library</Filter>
    </ClCompile>
    <ClCompile Include="Source\NotesLine.cpp">
      <Filter>PlayScene\Notes</Filter>
    </ClCompile>
    <ClCompile Include="Source\StaticMesh.cpp">
      <Filter>StaticMesh</Filter>
    </ClCompile>
    <ClCompile Include="Source\NotesMetaData.cpp">
      <Filter>PlayScene\Notes</Filter>
    </ClCompile>
    <ClCompile Include="Source\MusicSelectManager.cpp">
      <Filter>TitleScene\MusicSelect</Filter>
    </ClCompile>
    <ClCompile Include="Source\MusicTrack.cpp">
      <Filter>TitleScene\MusicSelect</Filter>
    </ClCompile>
    <ClCompile Include="Source\ResultScene.cpp">
      <Filter>ResultScene</Filter>
    </ClCompile>
    <ClCompile Include="Source\ResultData.cpp">
      <Filter>ResultScene\Score</Filter>
    </ClCompile>
    <ClCompile Include="Source\ResultBoardManager.cpp">
      <Filter>ResultScene\Score</Filter>
    </ClCompile>
    <ClCompile Include="Source\ResultDataConnector.cpp">
      <Filter>ResultScene\Score</Filter>
    </ClCompile>
    <ClCompile Include="Source\MoveObject.cpp">
      <Filter>TitleScene\MoveObject</Filter>
    </ClCompile>
    <ClCompile Include="Source\TitleMoveObjectManager.cpp">
      <Filter>TitleScene\MoveObject</Filter>
    </ClCompile>
    <ClCompile Include="Source\CameraShake.cpp">
      <Filter>PlayScene\Camera</Filter>
    </ClCompile>
    <ClCompile Include="Source\ActionGameObject.cpp">
      <Filter>PlayScene</Filter>
    </ClCompile>
    <ClCompile Include="Source\EffectManager.cpp">
      <Filter>EffectManager</Filter>
    </ClCompile>
  </ItemGroup>
  <ItemGroup>
    <ClInclude Include="Source\Screen.h" />
    <ClInclude Include="Source\SceneFactory.h" />
    <ClInclude Include="Library\App.h">
      <Filter>Library</Filter>
    </ClInclude>
    <ClInclude Include="Library\SceneBase.h">
      <Filter>Library</Filter>
    </ClInclude>
    <ClInclude Include="Library\GameObject.h">
      <Filter>Library</Filter>
    </ClInclude>
    <ClInclude Include="Source\BootScene.h">
      <Filter>BootScene</Filter>
    </ClInclude>
    <ClInclude Include="Source\TitleScene.h">
      <Filter>TitleScene</Filter>
    </ClInclude>
    <ClInclude Include="Source\PlayScene.h">
      <Filter>PlayScene</Filter>
    </ClInclude>
    <ClInclude Include="ImGui\imconfig.h">
      <Filter>ImGui</Filter>
    </ClInclude>
    <ClInclude Include="ImGui\imgui.h">
      <Filter>ImGui</Filter>
    </ClInclude>
    <ClInclude Include="ImGui\imgui_impl_dx9.h">
      <Filter>ImGui</Filter>
    </ClInclude>
    <ClInclude Include="ImGui\imgui_impl_dx11.h">
      <Filter>ImGui</Filter>
    </ClInclude>
    <ClInclude Include="ImGui\imgui_impl_dxlib.hpp">
      <Filter>ImGui</Filter>
    </ClInclude>
    <ClInclude Include="ImGui\imgui_impl_win32.h">
      <Filter>ImGui</Filter>
    </ClInclude>
    <ClInclude Include="ImGui\imgui_internal.h">
      <Filter>ImGui</Filter>
    </ClInclude>
    <ClInclude Include="ImGui\imstb_rectpack.h">
      <Filter>ImGui</Filter>
    </ClInclude>
    <ClInclude Include="ImGui\imstb_textedit.h">
      <Filter>ImGui</Filter>
    </ClInclude>
    <ClInclude Include="ImGui\imstb_truetype.h">
      <Filter>ImGui</Filter>
    </ClInclude>
    <ClInclude Include="Library\ObjectManager.h">
      <Filter>Library</Filter>
    </ClInclude>
    <ClInclude Include="Library\SceneManager.h">
      <Filter>Library</Filter>
    </ClInclude>
    <ClInclude Include="Library\Time.h">
      <Filter>Library</Filter>
    </ClInclude>
    <ClInclude Include="Library\myDxLib.h">
      <Filter>Library</Filter>
    </ClInclude>
    <ClInclude Include="Source\GameManager.h">
      <Filter>PlayScene</Filter>
    </ClInclude>
    <ClInclude Include="Source\LaneManager.h">
      <Filter>PlayScene\Lane</Filter>
    </ClInclude>
    <ClInclude Include="Source\Character.h">
      <Filter>PlayScene\Character</Filter>
    </ClInclude>
    <ClInclude Include="Source\Notes.h">
      <Filter>PlayScene\Notes</Filter>
    </ClInclude>
    <ClInclude Include="Source\NotesManager.h">
      <Filter>PlayScene\Notes</Filter>
    </ClInclude>
    <ClInclude Include="Source\JudgedText.h">
      <Filter>PlayScene\Notes</Filter>
    </ClInclude>
    <ClInclude Include="Library\Renderer2D.h">
      <Filter>Library</Filter>
    </ClInclude>
    <ClInclude Include="Library\Transform.h">
      <Filter>Library</Filter>
    </ClInclude>
    <ClInclude Include="Source\InputManager.h">
      <Filter>InputManager</Filter>
    </ClInclude>
    <ClInclude Include="Source\SoundManager.h">
      <Filter>SoundManager</Filter>
    </ClInclude>
    <ClInclude Include="Source\ActionEvent.h">
      <Filter>ActionEvent</Filter>
    </ClInclude>
    <ClInclude Include="Source\Object3D.h">
      <Filter>Object3D</Filter>
    </ClInclude>
    <ClInclude Include="Library\resourceLoader.h">
      <Filter>Library</Filter>
    </ClInclude>
    <ClInclude Include="Source\NotesLine.h">
      <Filter>PlayScene\Notes</Filter>
    </ClInclude>
    <ClInclude Include="Library\json.hpp">
      <Filter>Library</Filter>
    </ClInclude>
    <ClInclude Include="Source\StaticMesh.h">
      <Filter>StaticMesh</Filter>
    </ClInclude>
    <ClInclude Include="Source\NotesMetaData.h">
      <Filter>PlayScene\Notes</Filter>
    </ClInclude>
    <ClInclude Include="Source\JsonTitleCollector.h">
      <Filter>TitleScene\MusicSelect</Filter>
    </ClInclude>
    <ClInclude Include="Source\MusicSelectManager.h">
      <Filter>TitleScene\MusicSelect</Filter>
    </ClInclude>
    <ClInclude Include="Source\MusicTrack.h">
      <Filter>TitleScene\MusicSelect</Filter>
    </ClInclude>
    <ClInclude Include="Source\ResultScene.h">
      <Filter>ResultScene</Filter>
    </ClInclude>
    <ClInclude Include="Source\ResultData.h">
      <Filter>ResultScene\Score</Filter>
    </ClInclude>
    <ClInclude Include="Source\ResultBoardManager.h">
      <Filter>ResultScene\Score</Filter>
    </ClInclude>
    <ClInclude Include="Source\ResultDataConnector.h">
      <Filter>ResultScene\Score</Filter>
    </ClInclude>
    <ClInclude Include="Source\MoveObject.h">
      <Filter>TitleScene\MoveObject</Filter>
    </ClInclude>
    <ClInclude Include="Source\TitleMoveObjectManager.h">
      <Filter>TitleScene\MoveObject</Filter>
    </ClInclude>
    <ClInclude Include="Source\CameraShake.h">
      <Filter>PlayScene\Camera</Filter>
    </ClInclude>
    <ClInclude Include="Source\ActionGameObject.h">
      <Filter>PlayScene</Filter>
    </ClInclude>
    <ClInclude Include="Source\EffectManager.h">
      <Filter>EffectManager</Filter>
    </ClInclude>
  </ItemGroup>
  <ItemGroup>
    <Filter Include="Library">
      <UniqueIdentifier>{208c2106-181f-415c-a2e8-fa160c7f8651}</UniqueIdentifier>
    </Filter>
    <Filter Include="BootScene">
      <UniqueIdentifier>{4e7a122b-01b5-4a1f-bdd8-381c4cb2403d}</UniqueIdentifier>
    </Filter>
    <Filter Include="TitleScene">
      <UniqueIdentifier>{a52f9c67-9c6c-4376-8f4c-07a10ecbc3db}</UniqueIdentifier>
    </Filter>
    <Filter Include="PlayScene">
      <UniqueIdentifier>{8123ada4-16d1-40da-a8f3-3f9e93aafb30}</UniqueIdentifier>
    </Filter>
    <Filter Include="ImGui">
      <UniqueIdentifier>{a717257b-67b3-4bfa-834c-1e34032b33b0}</UniqueIdentifier>
    </Filter>
    <Filter Include="PlayScene\Character">
      <UniqueIdentifier>{101d6c23-8284-4347-a215-c93c741bf7cf}</UniqueIdentifier>
    </Filter>
    <Filter Include="PlayScene\Lane">
      <UniqueIdentifier>{a8c3457e-5dbd-4275-aa73-2fea0a1988a4}</UniqueIdentifier>
    </Filter>
    <Filter Include="PlayScene\Notes">
      <UniqueIdentifier>{1315230d-f628-481a-b0ff-ffc40897dcd7}</UniqueIdentifier>
    </Filter>
    <Filter Include="InputManager">
      <UniqueIdentifier>{5225cd67-17f4-4f36-9ed5-461a0d27d67f}</UniqueIdentifier>
    </Filter>
    <Filter Include="SoundManager">
      <UniqueIdentifier>{96032cff-50fc-4f1c-986f-0d88a2d22d34}</UniqueIdentifier>
    </Filter>
    <Filter Include="ActionEvent">
      <UniqueIdentifier>{2cf6cc5c-88e7-49ce-b953-81587470d3e7}</UniqueIdentifier>
    </Filter>
    <Filter Include="Object3D">
      <UniqueIdentifier>{99069069-0df2-4005-9277-be18eba71653}</UniqueIdentifier>
    </Filter>
    <Filter Include="StaticMesh">
      <UniqueIdentifier>{13576506-9522-43e7-aa53-4c28e699b1f1}</UniqueIdentifier>
    </Filter>
    <Filter Include="TitleScene\MusicSelect">
      <UniqueIdentifier>{b36ad72d-8997-49d2-a6bb-c024e33b4a93}</UniqueIdentifier>
    </Filter>
    <Filter Include="ResultScene">
      <UniqueIdentifier>{aa2f92d3-4cf0-4031-bbda-8e824da36898}</UniqueIdentifier>
    </Filter>
    <Filter Include="ResultScene\Score">
      <UniqueIdentifier>{2a335d0f-13cf-46f2-add8-80e6ead3d10e}</UniqueIdentifier>
    </Filter>
    <Filter Include="TitleScene\MoveObject">
      <UniqueIdentifier>{e535213d-9a3f-4d8c-9e33-6398802dd453}</UniqueIdentifier>
    </Filter>
    <Filter Include="PlayScene\Camera">
      <UniqueIdentifier>{6beecdb6-4f4b-4c15-b57c-ddb00a34c15c}</UniqueIdentifier>
    </Filter>
    <Filter Include="EffectManager">
      <UniqueIdentifier>{aaa01856-a330-426e-a3a2-1428a43401d9}</UniqueIdentifier>
    </Filter>
  </ItemGroup>
</Project>